{
  "name": "qqnt-toolbox",
  "version": "0.8.0",
  "lockfileVersion": 3,
  "requires": true,
  "packages": {
    "": {
      "name": "qqnt-toolbox",
      "version": "0.8.0",
      "license": "AGPL-3.0-only",
      "dependencies": {
        "@saltify/typeproto": "0.4.1",
        "@zip.js/zip.js": "2.8.26",
        "silk-wasm": "3.3.4"
      }
    },
    "node_modules/@saltify/typeproto": {
      "version": "0.4.1",
      "resolved": "https://registry.npmjs.org/@saltify/typeproto/-/typeproto-0.4.1.tgz",
      "integrity": "sha512-pdT+fpJL4MjmwNwviMuP3A7XaOVx4Zt7qPkayjg7/UuaaNGW3tnyQh88nz3HJBS8VsPeXM2vSget2Mc1BflXww==",
      "license": "MIT"
    },
    "node_modules/@zip.js/zip.js": {
      "version": "2.8.26",
      "resolved": "https://registry.npmjs.org/@zip.js/zip.js/-/zip.js-2.8.26.tgz",
      "integrity": "sha512-RQ4h9F6DOiHxpdocUDrOl6xBM+yOtz+LkUol47AVWcfebGBDpZ7w7Xvz9PS24JgXvLGiXXzSAfdCdVy1tPlaFA==",
      "license": "BSD-3-Clause",
      "engines": {
        "bun": ">=0.7.0",
        "deno": ">=1.0.0",
        "node": ">=18.0.0"
      }
    },
    "node_modules/silk-wasm": {
      "version": "3.3.4",
      "license": "MIT"
    }
  }
}
