{
  "name": "qqnt-toolbox",
  "version": "0.6.2",
  "lockfileVersion": 3,
  "requires": true,
  "packages": {
    "": {
      "name": "qqnt-toolbox",
      "version": "0.6.2",
      "license": "AGPL-3.0-only",
      "dependencies": {
        "silk-wasm": "3.3.4"
      }
    },
    "node_modules/silk-wasm": {
      "version": "3.3.4",
      "license": "MIT"
    }
  }
}
